{
    "_readme": [
        "This file locks the dependencies of your project to a known state",
        "Read more about it at https://getcomposer.org/doc/01-basic-usage.md#installing-dependencies",
        "This file is @generated automatically"
    ],
    "content-hash": "12fac23513545eda628508dd9c562716",
    "packages": [
        {
            "name": "par0noid/ts3admin",
            "version": "1.0.2.5",
            "source": {
                "type": "git",
                "url": "https://github.com/par0noid/ts3admin.class.git",
                "reference": "f852f31547e68330e3b244425378be3db08a14a7"
            },
            "dist": {
                "type": "zip",
                "url": "https://api.github.com/repos/par0noid/ts3admin.class/zipball/f852f31547e68330e3b244425378be3db08a14a7",
                "reference": "f852f31547e68330e3b244425378be3db08a14a7",
                "shasum": ""
            },
            "require": {
                "php": ">=5.0.0"
            },
            "type": "library",
            "autoload": {
                "classmap": [
                    "lib/"
                ]
            },
            "notification-url": "https://packagist.org/downloads/",
            "license": [
                "GPL-3.0"
            ],
            "authors": [
                {
                    "name": "Stefan 'par0noid' Zehnpfennig",
                    "homepage": "https://github.com/par0noid",
                    "role": "Developer"
                },
                {
                    "name": "GitHub Contributors",
                    "homepage": "https://github.com/par0noid/ts3admin.class/graphs/contributors",
                    "role": "Developer"
                }
            ],
            "description": "The ts3admin.class is a powerful api for communication with Teamspeak 3 Servers from your website! Your creativity knows no bounds!",
            "homepage": "https://github.com/par0noid/ts3admin.class",
            "keywords": [
                "admin",
                "teamspeak",
                "teamspeak3",
                "ts3",
                "ts3admin"
            ],
            "time": "2018-08-30T05:50:49+00:00"
        }
    ],
    "packages-dev": [],
    "aliases": [],
    "minimum-stability": "stable",
    "stability-flags": [],
    "prefer-stable": false,
    "prefer-lowest": false,
    "platform": [],
    "platform-dev": [],
    "plugin-api-version": "1.1.0"
}
